Microsoft Visual Studio Solution File, Format Version 12.00
# Visual Studio 2012
Project("{FAE04EC0-301F-11D3-BF4B-00C04F79EFBC}") = "HexChess", "HexChess.csproj", "{FD11CD80-1A78-45A8-B46D-3AB1B060E173}"
EndProject
Global
	GlobalSection(SolutionConfigurationPlatforms) = preSolution
	Debug|Any CPU = Debug|Any CPU
	ExportDebug|Any CPU = ExportDebug|Any CPU
	ExportRelease|Any CPU = ExportRelease|Any CPU
	EndGlobalSection
	GlobalSection(ProjectConfigurationPlatforms) = postSolution
		{FD11CD80-1A78-45A8-B46D-3AB1B060E173}.Debug|Any CPU.ActiveCfg = Debug|Any CPU
		{FD11CD80-1A78-45A8-B46D-3AB1B060E173}.Debug|Any CPU.Build.0 = Debug|Any CPU
		{FD11CD80-1A78-45A8-B46D-3AB1B060E173}.ExportDebug|Any CPU.ActiveCfg = ExportDebug|Any CPU
		{FD11CD80-1A78-45A8-B46D-3AB1B060E173}.ExportDebug|Any CPU.Build.0 = ExportDebug|Any CPU
		{FD11CD80-1A78-45A8-B46D-3AB1B060E173}.ExportRelease|Any CPU.ActiveCfg = ExportRelease|Any CPU
		{FD11CD80-1A78-45A8-B46D-3AB1B060E173}.ExportRelease|Any CPU.Build.0 = ExportRelease|Any CPU
	EndGlobalSection
EndGlobal
